
Microsoft Visual Studio Solution File, Format Version 12.00
# Visual Studio 15
VisualStudioVersion = 15.0.28010.2036
MinimumVisualStudioVersion = 10.0.40219.1
Project("{FAE04EC0-301F-11D3-BF4B-00C04F79EFBC}") = "CUFE", "CUFE\CUFE.csproj", "{3FEC61E8-C096-457F-AAFA-60FA643757EE}"
EndProject
Global
	GlobalSection(SolutionConfigurationPlatforms) = preSolution
		Debug|Any CPU = Debug|Any CPU
		Release|Any CPU = Release|Any CPU
	EndGlobalSection
	GlobalSection(ProjectConfigurationPlatforms) = postSolution
		{3FEC61E8-C096-457F-AAFA-60FA643757EE}.Debug|Any CPU.ActiveCfg = Debug|Any CPU
		{3FEC61E8-C096-457F-AAFA-60FA643757EE}.Debug|Any CPU.Build.0 = Debug|Any CPU
		{3FEC61E8-C096-457F-AAFA-60FA643757EE}.Release|Any CPU.ActiveCfg = Release|Any CPU
		{3FEC61E8-C096-457F-AAFA-60FA643757EE}.Release|Any CPU.Build.0 = Release|Any CPU
	EndGlobalSection
	GlobalSection(SolutionProperties) = preSolution
		HideSolutionNode = FALSE
	EndGlobalSection
	GlobalSection(ExtensibilityGlobals) = postSolution
		SolutionGuid = {9F2D30BB-F5ED-4073-84CE-6447286491E3}
	EndGlobalSection
EndGlobal
